# THIS IS AN AUTOGENERATED FILE. DO NOT EDIT THIS FILE DIRECTLY.
# yarn lockfile v1


"@itly/sdk@^2.3.0":
  version "2.3.0"
  resolved "https://registry.yarnpkg.com/@itly/sdk/-/sdk-2.3.0.tgz#8d29e6c8e29dda0e0f609ef7a8d8c6ad4403973c"
  integrity sha512-iHYxs7X2+7b97reE76eqObe223G1jr+GIaYlJW5haTEjuOvpnjlRq/4cjo9Phn4TwPlNZzOL613piW27/HJpCw==

react-native-mparticle@^2.4.9:
  version "2.4.9"
  resolved "https://registry.yarnpkg.com/react-native-mparticle/-/react-native-mparticle-2.4.9.tgz#472f8b6e8cee5ebb1fbbb38eedcb77cdeb3f6da2"
  integrity sha512-vRrqRSQfPKu2xgd4YzPp6tEMr2IUl0Hb8BBkxaTJtw/3R9hPULVt1XZ9TnfollQ5PI/AcmLklQpB1w+tvE9hxQ==

typescript@^3.9.3:
  version "3.9.9"
  resolved "https://registry.yarnpkg.com/typescript/-/typescript-3.9.9.tgz#e69905c54bc0681d0518bd4d587cc6f2d0b1a674"
  integrity sha512-kdMjTiekY+z/ubJCATUPlRDl39vXYiMV9iyeMuEuXZh2we6zz80uovNN2WlAxmmdE/Z/YQe+EbOEXB5RHEED3w==
