# THIS IS AN AUTOGENERATED FILE. DO NOT EDIT THIS FILE DIRECTLY.
# yarn lockfile v1


"@braze/web-sdk-core@^3.2.0":
  version "3.2.0"
  resolved "https://registry.yarnpkg.com/@braze/web-sdk-core/-/web-sdk-core-3.2.0.tgz#9168ffecc9301a3f9bf816050b0937798458235d"
  integrity sha512-43lBSQGIZnmbA82jm5Y0yhXiWRIX60UmVD94BET82pNnY3zqGv5Az4/JaWq0E7Eq3Xrh20yXt/ZPb9mExH46Og==

typescript@^3.9.3:
  version "3.9.9"
  resolved "https://registry.yarnpkg.com/typescript/-/typescript-3.9.9.tgz#e69905c54bc0681d0518bd4d587cc6f2d0b1a674"
  integrity sha512-kdMjTiekY+z/ubJCATUPlRDl39vXYiMV9iyeMuEuXZh2we6zz80uovNN2WlAxmmdE/Z/YQe+EbOEXB5RHEED3w==
