# THIS IS AN AUTOGENERATED FILE. DO NOT EDIT THIS FILE DIRECTLY.
# yarn lockfile v1


"@itly/sdk@^2.3.0":
  version "2.3.0"
  resolved "https://registry.yarnpkg.com/@itly/sdk/-/sdk-2.3.0.tgz#8d29e6c8e29dda0e0f609ef7a8d8c6ad4403973c"
  integrity sha512-iHYxs7X2+7b97reE76eqObe223G1jr+GIaYlJW5haTEjuOvpnjlRq/4cjo9Phn4TwPlNZzOL613piW27/HJpCw==

typescript@^3.9.3:
  version "3.9.5"
  resolved "https://registry.yarnpkg.com/typescript/-/typescript-3.9.5.tgz#586f0dba300cde8be52dd1ac4f7e1009c1b13f36"
  integrity sha512-hSAifV3k+i6lEoCJ2k6R2Z/rp/H3+8sdmcn5NrS3/3kE7+RyZXm9aqvxWqjEXHAd8b0pShatpcdMTvEdvAJltQ==
