# THIS IS AN AUTOGENERATED FILE. DO NOT EDIT THIS FILE DIRECTLY.
# yarn lockfile v1


"@segment/loosely-validate-event@^2.0.0":
  version "2.0.0"
  resolved "https://registry.yarnpkg.com/@segment/loosely-validate-event/-/loosely-validate-event-2.0.0.tgz#87dfc979e5b4e7b82c5f1d8b722dfd5d77644681"
  integrity sha512-ZMCSfztDBqwotkl848ODgVcAmN4OItEWDCkshcKz0/W6gGSQayuuCtWV/MlodFivAZD793d6UgANd6wCXUfrIw==
  dependencies:
    component-type "^1.2.1"
    join-component "^1.1.0"

"@types/analytics-node@^3.1.4":
  version "3.1.4"
  resolved "https://registry.yarnpkg.com/@types/analytics-node/-/analytics-node-3.1.4.tgz#35b25a721b46cbf6964098dae7dc785a4386e7ab"
  integrity sha512-i6cqjFotMq1dEwXxyXRqnzp/HmWPCskptrVUQ1UzRIGs/zICFWM2bIJyLt6f9A9/+qE98wls1AHWPQ4WXYS0HA==

analytics-node@^3.4.0-beta.3:
  version "3.4.0-beta.3"
  resolved "https://registry.yarnpkg.com/analytics-node/-/analytics-node-3.4.0-beta.3.tgz#5eb0694598cff493c64faf5efc1225533a253f13"
  integrity sha512-NIdpxiwlZ4cKgs9MDlDe89b5bg/pMq2W7XTA+cjzCM66IwW3ujZhVE49vk+zG6Yrxk0s/DXmennJ+cCQIsTKMA==
  dependencies:
    "@segment/loosely-validate-event" "^2.0.0"
    axios "^0.19.2"
    axios-retry "^3.0.2"
    lodash.isstring "^4.0.1"
    md5 "^2.2.1"
    ms "^2.0.0"
    remove-trailing-slash "^0.1.0"
    uuid "^3.2.1"

axios-retry@^3.0.2:
  version "3.1.8"
  resolved "https://registry.yarnpkg.com/axios-retry/-/axios-retry-3.1.8.tgz#ffcfed757e1fab8cbf832f8505bb0e0af47c520c"
  integrity sha512-yPw5Y4Bg6Dgmhm35KaJFtlh23s1TecW0HsUerK4/IS1UKl0gtN2aJqdEKtVomiOS/bDo5w4P3sqgki/M10eF8Q==
  dependencies:
    is-retry-allowed "^1.1.0"

axios@^0.19.2:
  version "0.19.2"
  resolved "https://registry.yarnpkg.com/axios/-/axios-0.19.2.tgz#3ea36c5d8818d0d5f8a8a97a6d36b86cdc00cb27"
  integrity sha512-fjgm5MvRHLhx+osE2xoekY70AhARk3a6hkN+3Io1jc00jtquGvxYlKlsFUhmUET0V5te6CcZI7lcv2Ym61mjHA==
  dependencies:
    follow-redirects "1.5.10"

charenc@~0.0.1:
  version "0.0.2"
  resolved "https://registry.yarnpkg.com/charenc/-/charenc-0.0.2.tgz#c0a1d2f3a7092e03774bfa83f14c0fc5790a8667"
  integrity sha1-wKHS86cJLgN3S/qD8UwPxXkKhmc=

component-type@^1.2.1:
  version "1.2.1"
  resolved "https://registry.yarnpkg.com/component-type/-/component-type-1.2.1.tgz#8a47901700238e4fc32269771230226f24b415a9"
  integrity sha1-ikeQFwAjjk/DIml3EjAibyS0Fak=

crypt@~0.0.1:
  version "0.0.2"
  resolved "https://registry.yarnpkg.com/crypt/-/crypt-0.0.2.tgz#88d7ff7ec0dfb86f713dc87bbb42d044d3e6c41b"
  integrity sha1-iNf/fsDfuG9xPch7u0LQRNPmxBs=

debug@=3.1.0:
  version "3.1.0"
  resolved "https://registry.yarnpkg.com/debug/-/debug-3.1.0.tgz#5bb5a0672628b64149566ba16819e61518c67261"
  integrity sha512-OX8XqP7/1a9cqkxYw2yXss15f26NKWBpDXQd0/uK/KPqdQhxbPa994hnzjcE2VqQpDslf55723cKPUOGSmMY3g==
  dependencies:
    ms "2.0.0"

follow-redirects@1.5.10:
  version "1.5.10"
  resolved "https://registry.yarnpkg.com/follow-redirects/-/follow-redirects-1.5.10.tgz#7b7a9f9aea2fdff36786a94ff643ed07f4ff5e2a"
  integrity sha512-0V5l4Cizzvqt5D44aTXbFZz+FtyXV1vrDN6qrelxtfYQKW0KO0W2T/hkE8xvGa/540LkZlkaUjO4ailYTFtHVQ==
  dependencies:
    debug "=3.1.0"

is-buffer@~1.1.1:
  version "1.1.6"
  resolved "https://registry.yarnpkg.com/is-buffer/-/is-buffer-1.1.6.tgz#efaa2ea9daa0d7ab2ea13a97b2b8ad51fefbe8be"
  integrity sha512-NcdALwpXkTm5Zvvbk7owOUSvVvBKDgKP5/ewfXEznmQFfs4ZRmanOeKBTjRVjka3QFoN6XJ+9F3USqfHqTaU5w==

is-retry-allowed@^1.1.0:
  version "1.2.0"
  resolved "https://registry.yarnpkg.com/is-retry-allowed/-/is-retry-allowed-1.2.0.tgz#d778488bd0a4666a3be8a1482b9f2baafedea8b4"
  integrity sha512-RUbUeKwvm3XG2VYamhJL1xFktgjvPzL0Hq8C+6yrWIswDy3BIXGqCxhxkc30N9jqK311gVU137K8Ei55/zVJRg==

join-component@^1.1.0:
  version "1.1.0"
  resolved "https://registry.yarnpkg.com/join-component/-/join-component-1.1.0.tgz#b8417b750661a392bee2c2537c68b2a9d4977cd5"
  integrity sha1-uEF7dQZho5K+4sJTfGiyqdSXfNU=

lodash.isstring@^4.0.1:
  version "4.0.1"
  resolved "https://registry.yarnpkg.com/lodash.isstring/-/lodash.isstring-4.0.1.tgz#d527dfb5456eca7cc9bb95d5daeaf88ba54a5451"
  integrity sha1-1SfftUVuynzJu5XV2ur4i6VKVFE=

md5@^2.2.1:
  version "2.2.1"
  resolved "https://registry.yarnpkg.com/md5/-/md5-2.2.1.tgz#53ab38d5fe3c8891ba465329ea23fac0540126f9"
  integrity sha1-U6s41f48iJG6RlMp6iP6wFQBJvk=
  dependencies:
    charenc "~0.0.1"
    crypt "~0.0.1"
    is-buffer "~1.1.1"

ms@2.0.0:
  version "2.0.0"
  resolved "https://registry.yarnpkg.com/ms/-/ms-2.0.0.tgz#5608aeadfc00be6c2901df5f9861788de0d597c8"
  integrity sha1-VgiurfwAvmwpAd9fmGF4jeDVl8g=

ms@^2.0.0:
  version "2.1.2"
  resolved "https://registry.yarnpkg.com/ms/-/ms-2.1.2.tgz#d09d1f357b443f493382a8eb3ccd183872ae6009"
  integrity sha512-sGkPx+VjMtmA6MX27oA4FBFELFCZZ4S4XqeGOXCv68tT+jb3vk/RyaKWP0PTKyWtmLSM0b+adUTEvbs1PEaH2w==

remove-trailing-slash@^0.1.0:
  version "0.1.0"
  resolved "https://registry.yarnpkg.com/remove-trailing-slash/-/remove-trailing-slash-0.1.0.tgz#1498e5df0984c27e49b76ebf06887ca2d01150d2"
  integrity sha1-FJjl3wmEwn5Jt26/Boh8otARUNI=

typescript@^3.9.3:
  version "3.9.5"
  resolved "https://registry.yarnpkg.com/typescript/-/typescript-3.9.5.tgz#586f0dba300cde8be52dd1ac4f7e1009c1b13f36"
  integrity sha512-hSAifV3k+i6lEoCJ2k6R2Z/rp/H3+8sdmcn5NrS3/3kE7+RyZXm9aqvxWqjEXHAd8b0pShatpcdMTvEdvAJltQ==

uuid@^3.2.1:
  version "3.4.0"
  resolved "https://registry.yarnpkg.com/uuid/-/uuid-3.4.0.tgz#b23e4358afa8a202fe7a100af1f5f883f02007ee"
  integrity sha512-HjSDRw6gZE5JMggctHBcjVak08+KEVhSIiDzFnT9S9aegmp85S/bReBVTb4QTFaRNptJ9kuYaNhnbNEOkbKb/A==
